
Microsoft Visual Studio Solution File, Format Version 12.00
# Visual Studio Version 17
VisualStudioVersion = 17.8.34511.84
MinimumVisualStudioVersion = 10.0.40219.1
Project("{FAE04EC0-301F-11D3-BF4B-00C04F79EFBC}") = "CodeForFun", "CodeForFun\CodeForFun.csproj", "{7DADD8EC-5E08-44CC-A6D4-C6B89ABC7AAE}"
EndProject
Global
	GlobalSection(SolutionConfigurationPlatforms) = preSolution
		Debug|Any CPU = Debug|Any CPU
		Release|Any CPU = Release|Any CPU
	EndGlobalSection
	GlobalSection(ProjectConfigurationPlatforms) = postSolution
		{7DADD8EC-5E08-44CC-A6D4-C6B89ABC7AAE}.Debug|Any CPU.ActiveCfg = Debug|Any CPU
		{7DADD8EC-5E08-44CC-A6D4-C6B89ABC7AAE}.Debug|Any CPU.Build.0 = Debug|Any CPU
		{7DADD8EC-5E08-44CC-A6D4-C6B89ABC7AAE}.Release|Any CPU.ActiveCfg = Release|Any CPU
		{7DADD8EC-5E08-44CC-A6D4-C6B89ABC7AAE}.Release|Any CPU.Build.0 = Release|Any CPU
	EndGlobalSection
	GlobalSection(SolutionProperties) = preSolution
		HideSolutionNode = FALSE
	EndGlobalSection
	GlobalSection(ExtensibilityGlobals) = postSolution
		SolutionGuid = {C8C9BB22-C8A1-4A0C-98BB-0473D8535A36}
	EndGlobalSection
EndGlobal
